github.com/bufbuild/protovalidate v1.1.0 h1:LNuh5nL7LV1ySMaj/jqjTjqXe2tvkBNDTzV07f2wbVc=
github.com/googleapis/googleapis v0.0.0-20260130211554-c0fcb35628690e9eb15dcefae41c651c67cd050b h1:btx59xhpFpoAXnLgYQc8a6uYbZp2Ix2BgQJeyKJcW3c=
github.com/grpc-ecosystem/grpc-gateway v0.0.0-20260131054211-945ff6b6346e6c02d0a99c0c13370f230bf7ad40 h1:TxIwMVpNEkb7q+6Ss59Nu2cl3egDvmP0hRMDKfsv6FE=
github.com/protocolbuffers/protobuf-go v1.36.11 h1:C4P8GTeFQJp1wx3GqXmun01jyHxyJaGJ0AVs0AurSuw=
github.com/therenotomorrow/gotes v0.0.0-20260201214905-4a08bd6961746327ec225b0ad3cf4ffb063be8b9 h1:9NctbRg1lANVpvZWC7//PWsvSOJ+PRf5AmZ82s/2itU=
